
Microsoft Visual Studio Solution File, Format Version 12.00
# Visual Studio Version 16
VisualStudioVersion = 16.0.31624.102
MinimumVisualStudioVersion = 10.0.40219.1
Project("{FAE04EC0-301F-11D3-BF4B-00C04F79EFBC}") = "InternshipTask", "InternshipTask\InternshipTask.csproj", "{356F9E15-6C5E-45B3-A7CC-F14AE27B726F}"
EndProject
Global
	GlobalSection(SolutionConfigurationPlatforms) = preSolution
		Debug|Any CPU = Debug|Any CPU
		Release|Any CPU = Release|Any CPU
	EndGlobalSection
	GlobalSection(ProjectConfigurationPlatforms) = postSolution
		{356F9E15-6C5E-45B3-A7CC-F14AE27B726F}.Debug|Any CPU.ActiveCfg = Debug|Any CPU
		{356F9E15-6C5E-45B3-A7CC-F14AE27B726F}.Debug|Any CPU.Build.0 = Debug|Any CPU
		{356F9E15-6C5E-45B3-A7CC-F14AE27B726F}.Release|Any CPU.ActiveCfg = Release|Any CPU
		{356F9E15-6C5E-45B3-A7CC-F14AE27B726F}.Release|Any CPU.Build.0 = Release|Any CPU
	EndGlobalSection
	GlobalSection(SolutionProperties) = preSolution
		HideSolutionNode = FALSE
	EndGlobalSection
	GlobalSection(ExtensibilityGlobals) = postSolution
		SolutionGuid = {CB9B90F0-77F3-49ED-A902-21AFC06F95EF}
	EndGlobalSection
EndGlobal
